
Microsoft Visual Studio Solution File, Format Version 12.00
Project("{FAE04EC0-301F-11D3-BF4B-00C04F79EFBC}") = "clmath", "clmath\clmath.csproj", "{86E4E950-C223-4F31-A27F-B24E384FAE0E}"
EndProject
Project("{FAE04EC0-301F-11D3-BF4B-00C04F79EFBC}") = "clmath-viewer", "clmath-viewer\clmath-viewer.csproj", "{A33BFEF8-AD22-4025-8644-C06EE8D1909E}"
EndProject
Global
	GlobalSection(SolutionConfigurationPlatforms) = preSolution
		Debug|Any CPU = Debug|Any CPU
		Release|Any CPU = Release|Any CPU
	EndGlobalSection
	GlobalSection(ProjectConfigurationPlatforms) = postSolution
		{86E4E950-C223-4F31-A27F-B24E384FAE0E}.Debug|Any CPU.ActiveCfg = Debug|Any CPU
		{86E4E950-C223-4F31-A27F-B24E384FAE0E}.Debug|Any CPU.Build.0 = Debug|Any CPU
		{86E4E950-C223-4F31-A27F-B24E384FAE0E}.Release|Any CPU.ActiveCfg = Release|Any CPU
		{86E4E950-C223-4F31-A27F-B24E384FAE0E}.Release|Any CPU.Build.0 = Release|Any CPU
		{A33BFEF8-AD22-4025-8644-C06EE8D1909E}.Debug|Any CPU.ActiveCfg = Debug|Any CPU
		{A33BFEF8-AD22-4025-8644-C06EE8D1909E}.Debug|Any CPU.Build.0 = Debug|Any CPU
		{A33BFEF8-AD22-4025-8644-C06EE8D1909E}.Release|Any CPU.ActiveCfg = Release|Any CPU
		{A33BFEF8-AD22-4025-8644-C06EE8D1909E}.Release|Any CPU.Build.0 = Release|Any CPU
	EndGlobalSection
EndGlobal
